// !$*UTF8*$!
{
	archiveVersion = 1;
	classes = {
	};
	objectVersion = 50;
	objects = {

/* Begin PBXBuildFile section */
		8475FA4C2286CBBC006C1FFC /* AppDelegate.swift in Sources */ = {isa = PBXBuildFile; fileRef = 8475FA4B2286CBBC006C1FFC /* AppDelegate.swift */; };
		8475FA4E2286CBBC006C1FFC /* SongsViewController.swift in Sources */ = {isa = PBXBuildFile; fileRef = 8475FA4D2286CBBC006C1FFC /* SongsViewController.swift */; };
		8475FA532286CBBD006C1FFC /* Assets.xcassets in Resources */ = {isa = PBXBuildFile; fileRef = 8475FA522286CBBD006C1FFC /* Assets.xcassets */; };
		8475FA562286CBBD006C1FFC /* LaunchScreen.storyboard in Resources */ = {isa = PBXBuildFile; fileRef = 8475FA542286CBBD006C1FFC /* LaunchScreen.storyboard */; };
		8475FA5E2286CD32006C1FFC /* PlaylistsViewController.swift in Sources */ = {isa = PBXBuildFile; fileRef = 8475FA5D2286CD32006C1FFC /* PlaylistsViewController.swift */; };
		8475FA602286CD66006C1FFC /* AlbumsViewController.swift in Sources */ = {isa = PBXBuildFile; fileRef = 8475FA5F2286CD66006C1FFC /* AlbumsViewController.swift */; };
		8475FA622286CDB2006C1FFC /* ArtistsViewController.swift in Sources */ = {isa = PBXBuildFile; fileRef = 8475FA612286CDB2006C1FFC /* ArtistsViewController.swift */; };
		8475FA642286CDD8006C1FFC /* MoreViewController.swift in Sources */ = {isa = PBXBuildFile; fileRef = 8475FA632286CDD8006C1FFC /* MoreViewController.swift */; };
		8475FA662286FA41006C1FFC /* NowPlayingViewController.swift in Sources */ = {isa = PBXBuildFile; fileRef = 8475FA652286FA41006C1FFC /* NowPlayingViewController.swift */; };
		8475FA6822870014006C1FFC /* MoreTableViewCell.swift in Sources */ = {isa = PBXBuildFile; fileRef = 8475FA6722870014006C1FFC /* MoreTableViewCell.swift */; };
		8475FA6D22870113006C1FFC /* MusicLibrary.swift in Sources */ = {isa = PBXBuildFile; fileRef = 8475FA6C22870113006C1FFC /* MusicLibrary.swift */; };
		84B3ECC723B87BFB004FA012 /* SpotifyAudioPlayback.framework in Frameworks */ = {isa = PBXBuildFile; fileRef = 84B3ECC423B87BFB004FA012 /* SpotifyAudioPlayback.framework */; };
		84B3ECC823B87BFB004FA012 /* SpotifyAuthentication.framework in Frameworks */ = {isa = PBXBuildFile; fileRef = 84B3ECC523B87BFB004FA012 /* SpotifyAuthentication.framework */; };
		84B3ECC923B87BFB004FA012 /* SpotifyMetadata.framework in Frameworks */ = {isa = PBXBuildFile; fileRef = 84B3ECC623B87BFB004FA012 /* SpotifyMetadata.framework */; };
		84B3ECCC23B87F89004FA012 /* ViewController.swift in Sources */ = {isa = PBXBuildFile; fileRef = 84B3ECCB23B87F89004FA012 /* ViewController.swift */; };
/* End PBXBuildFile section */

/* Begin PBXFileReference section */
		8475FA482286CBBC006C1FFC /* WavePlayer.app */ = {isa = PBXFileReference; explicitFileType = wrapper.application; includeInIndex = 0; path = WavePlayer.app; sourceTree = BUILT_PRODUCTS_DIR; };
		8475FA4B2286CBBC006C1FFC /* AppDelegate.swift */ = {isa = PBXFileReference; lastKnownFileType = sourcecode.swift; path = AppDelegate.swift; sourceTree = "<group>"; };
		8475FA4D2286CBBC006C1FFC /* SongsViewController.swift */ = {isa = PBXFileReference; lastKnownFileType = sourcecode.swift; path = SongsViewController.swift; sourceTree = "<group>"; };
		8475FA522286CBBD006C1FFC /* Assets.xcassets */ = {isa = PBXFileReference; lastKnownFileType = folder.assetcatalog; path = Assets.xcassets; sourceTree = "<group>"; };
		8475FA552286CBBD006C1FFC /* Base */ = {isa = PBXFileReference; lastKnownFileType = file.storyboard; name = Base; path = Base.lproj/LaunchScreen.storyboard; sourceTree = "<group>"; };
		8475FA572286CBBD006C1FFC /* Info.plist */ = {isa = PBXFileReference; lastKnownFileType = text.plist.xml; path = Info.plist; sourceTree = "<group>"; };
		8475FA5D2286CD32006C1FFC /* PlaylistsViewController.swift */ = {isa = PBXFileReference; lastKnownFileType = sourcecode.swift; path = PlaylistsViewController.swift; sourceTree = "<group>"; };
		8475FA5F2286CD66006C1FFC /* AlbumsViewController.swift */ = {isa = PBXFileReference; lastKnownFileType = sourcecode.swift; path = AlbumsViewController.swift; sourceTree = "<group>"; };
		8475FA612286CDB2006C1FFC /* ArtistsViewController.swift */ = {isa = PBXFileReference; lastKnownFileType = sourcecode.swift; path = ArtistsViewController.swift; sourceTree = "<group>"; };
		8475FA632286CDD8006C1FFC /* MoreViewController.swift */ = {isa = PBXFileReference; lastKnownFileType = sourcecode.swift; path = MoreViewController.swift; sourceTree = "<group>"; };
		8475FA652286FA41006C1FFC /* NowPlayingViewController.swift */ = {isa = PBXFileReference; lastKnownFileType = sourcecode.swift; path = NowPlayingViewController.swift; sourceTree = "<group>"; };
		8475FA6722870014006C1FFC /* MoreTableViewCell.swift */ = {isa = PBXFileReference; lastKnownFileType = sourcecode.swift; path = MoreTableViewCell.swift; sourceTree = "<group>"; };
		8475FA6C22870113006C1FFC /* MusicLibrary.swift */ = {isa = PBXFileReference; lastKnownFileType = sourcecode.swift; path = MusicLibrary.swift; sourceTree = "<group>"; };
		84B3ECC423B87BFB004FA012 /* SpotifyAudioPlayback.framework */ = {isa = PBXFileReference; lastKnownFileType = wrapper.framework; name = SpotifyAudioPlayback.framework; path = "../../Spotify-Demo/SpotifyAudioPlayback.framework"; sourceTree = "<group>"; };
		84B3ECC523B87BFB004FA012 /* SpotifyAuthentication.framework */ = {isa = PBXFileReference; lastKnownFileType = wrapper.framework; name = SpotifyAuthentication.framework; path = "../../Spotify-Demo/SpotifyAuthentication.framework"; sourceTree = "<group>"; };
		84B3ECC623B87BFB004FA012 /* SpotifyMetadata.framework */ = {isa = PBXFileReference; lastKnownFileType = wrapper.framework; name = SpotifyMetadata.framework; path = "../../Spotify-Demo/SpotifyMetadata.framework"; sourceTree = "<group>"; };
		84B3ECCA23B87C7E004FA012 /* WavePlayer.h */ = {isa = PBXFileReference; lastKnownFileType = sourcecode.c.h; path = WavePlayer.h; sourceTree = "<group>"; };
		84B3ECCB23B87F89004FA012 /* ViewController.swift */ = {isa = PBXFileReference; lastKnownFileType = sourcecode.swift; path = ViewController.swift; sourceTree = "<group>"; };
/* End PBXFileReference section */

/* Begin PBXFrameworksBuildPhase section */
		8475FA452286CBBC006C1FFC /* Frameworks */ = {
			isa = PBXFrameworksBuildPhase;
			buildActionMask = 2147483647;
			files = (
				84B3ECC723B87BFB004FA012 /* SpotifyAudioPlayback.framework in Frameworks */,
				84B3ECC923B87BFB004FA012 /* SpotifyMetadata.framework in Frameworks */,
				84B3ECC823B87BFB004FA012 /* SpotifyAuthentication.framework in Frameworks */,
			);
			runOnlyForDeploymentPostprocessing = 0;
		};
/* End PBXFrameworksBuildPhase section */

/* Begin PBXGroup section */
		8475FA3F2286CBBC006C1FFC = {
			isa = PBXGroup;
			children = (
				8475FA4A2286CBBC006C1FFC /* WavePlayer */,
				8475FA492286CBBC006C1FFC /* Products */,
			);
			sourceTree = "<group>";
		};
		8475FA492286CBBC006C1FFC /* Products */ = {
			isa = PBXGroup;
			children = (
				8475FA482286CBBC006C1FFC /* WavePlayer.app */,
			);
			name = Products;
			sourceTree = "<group>";
		};
		8475FA4A2286CBBC006C1FFC /* WavePlayer */ = {
			isa = PBXGroup;
			children = (
				8475FA4B2286CBBC006C1FFC /* AppDelegate.swift */,
				8475FA6B228700EA006C1FFC /* View */,
				8475FA6A228700DE006C1FFC /* Model */,
				8475FA69228700CE006C1FFC /* Controller */,
				8475FA522286CBBD006C1FFC /* Assets.xcassets */,
				8475FA542286CBBD006C1FFC /* LaunchScreen.storyboard */,
				8475FA572286CBBD006C1FFC /* Info.plist */,
				84B3ECCA23B87C7E004FA012 /* WavePlayer.h */,
				84B3ECC423B87BFB004FA012 /* SpotifyAudioPlayback.framework */,
				84B3ECC523B87BFB004FA012 /* SpotifyAuthentication.framework */,
				84B3ECC623B87BFB004FA012 /* SpotifyMetadata.framework */,
			);
			path = WavePlayer;
			sourceTree = "<group>";
		};
		8475FA69228700CE006C1FFC /* Controller */ = {
			isa = PBXGroup;
			children = (
				8475FA5D2286CD32006C1FFC /* PlaylistsViewController.swift */,
				8475FA5F2286CD66006C1FFC /* AlbumsViewController.swift */,
				8475FA4D2286CBBC006C1FFC /* SongsViewController.swift */,
				8475FA612286CDB2006C1FFC /* ArtistsViewController.swift */,
				8475FA632286CDD8006C1FFC /* MoreViewController.swift */,
				8475FA652286FA41006C1FFC /* NowPlayingViewController.swift */,
				84B3ECCB23B87F89004FA012 /* ViewController.swift */,
			);
			path = Controller;
			sourceTree = "<group>";
		};
		8475FA6A228700DE006C1FFC /* Model */ = {
			isa = PBXGroup;
			children = (
				8475FA6C22870113006C1FFC /* MusicLibrary.swift */,
			);
			path = Model;
			sourceTree = "<group>";
		};
		8475FA6B228700EA006C1FFC /* View */ = {
			isa = PBXGroup;
			children = (
				8475FA6722870014006C1FFC /* MoreTableViewCell.swift */,
			);
			path = View;
			sourceTree = "<group>";
		};
/* End PBXGroup section */

/* Begin PBXNativeTarget section */
		8475FA472286CBBC006C1FFC /* WavePlayer */ = {
			isa = PBXNativeTarget;
			buildConfigurationList = 8475FA5A2286CBBD006C1FFC /* Build configuration list for PBXNativeTarget "WavePlayer" */;
			buildPhases = (
				8475FA442286CBBC006C1FFC /* Sources */,
				8475FA452286CBBC006C1FFC /* Frameworks */,
				8475FA462286CBBC006C1FFC /* Resources */,
			);
			buildRules = (
			);
			dependencies = (
			);
			name = WavePlayer;
			productName = WavePlayer;
			productReference = 8475FA482286CBBC006C1FFC /* WavePlayer.app */;
			productType = "com.apple.product-type.application";
		};
/* End PBXNativeTarget section */

/* Begin PBXProject section */
		8475FA402286CBBC006C1FFC /* Project object */ = {
			isa = PBXProject;
			attributes = {
				LastSwiftUpdateCheck = 1010;
				LastUpgradeCheck = 1010;
				ORGANIZATIONNAME = Kingsley;
				TargetAttributes = {
					8475FA472286CBBC006C1FFC = {
						CreatedOnToolsVersion = 10.1;
						LastSwiftMigration = 1030;
					};
				};
			};
			buildConfigurationList = 8475FA432286CBBC006C1FFC /* Build configuration list for PBXProject "WavePlayer" */;
			compatibilityVersion = "Xcode 9.3";
			developmentRegion = en;
			hasScannedForEncodings = 0;
			knownRegions = (
				en,
				Base,
			);
			mainGroup = 8475FA3F2286CBBC006C1FFC;
			productRefGroup = 8475FA492286CBBC006C1FFC /* Products */;
			projectDirPath = "";
			projectRoot = "";
			targets = (
				8475FA472286CBBC006C1FFC /* WavePlayer */,
			);
		};
/* End PBXProject section */

/* Begin PBXResourcesBuildPhase section */
		8475FA462286CBBC006C1FFC /* Resources */ = {
			isa = PBXResourcesBuildPhase;
			buildActionMask = 2147483647;
			files = (
				8475FA562286CBBD006C1FFC /* LaunchScreen.storyboard in Resources */,
				8475FA532286CBBD006C1FFC /* Assets.xcassets in Resources */,
			);
			runOnlyForDeploymentPostprocessing = 0;
		};
/* End PBXResourcesBuildPhase section */

/* Begin PBXSourcesBuildPhase section */
		8475FA442286CBBC006C1FFC /* Sources */ = {
			isa = PBXSourcesBuildPhase;
			buildActionMask = 2147483647;
			files = (
				84B3ECCC23B87F89004FA012 /* ViewController.swift in Sources */,
				8475FA6822870014006C1FFC /* MoreTableViewCell.swift in Sources */,
				8475FA602286CD66006C1FFC /* AlbumsViewController.swift in Sources */,
				8475FA4E2286CBBC006C1FFC /* SongsViewController.swift in Sources */,
				8475FA6D22870113006C1FFC /* MusicLibrary.swift in Sources */,
				8475FA4C2286CBBC006C1FFC /* AppDelegate.swift in Sources */,
				8475FA662286FA41006C1FFC /* NowPlayingViewController.swift in Sources */,
				8475FA642286CDD8006C1FFC /* MoreViewController.swift in Sources */,
				8475FA622286CDB2006C1FFC /* ArtistsViewController.swift in Sources */,
				8475FA5E2286CD32006C1FFC /* PlaylistsViewController.swift in Sources */,
			);
			runOnlyForDeploymentPostprocessing = 0;
		};
/* End PBXSourcesBuildPhase section */

/* Begin PBXVariantGroup section */
		8475FA542286CBBD006C1FFC /* LaunchScreen.storyboard */ = {
			isa = PBXVariantGroup;
			children = (
				8475FA552286CBBD006C1FFC /* Base */,
			);
			name = LaunchScreen.storyboard;
			sourceTree = "<group>";
		};
/* End PBXVariantGroup section */

/* Begin XCBuildConfiguration section */
		8475FA582286CBBD006C1FFC /* Debug */ = {
			isa = XCBuildConfiguration;
			buildSettings = {
				ALWAYS_SEARCH_USER_PATHS = NO;
				CLANG_ANALYZER_NONNULL = YES;
				CLANG_ANALYZER_NUMBER_OBJECT_CONVERSION = YES_AGGRESSIVE;
				CLANG_CXX_LANGUAGE_STANDARD = "gnu++14";
				CLANG_CXX_LIBRARY = "libc++";
				CLANG_ENABLE_MODULES = YES;
				CLANG_ENABLE_OBJC_ARC = YES;
				CLANG_ENABLE_OBJC_WEAK = YES;
				CLANG_WARN_BLOCK_CAPTURE_AUTORELEASING = YES;
				CLANG_WARN_BOOL_CONVERSION = YES;
				CLANG_WARN_COMMA = YES;
				CLANG_WARN_CONSTANT_CONVERSION = YES;
				CLANG_WARN_DEPRECATED_OBJC_IMPLEMENTATIONS = YES;
				CLANG_WARN_DIRECT_OBJC_ISA_USAGE = YES_ERROR;
				CLANG_WARN_DOCUMENTATION_COMMENTS = YES;
				CLANG_WARN_EMPTY_BODY = YES;
				CLANG_WARN_ENUM_CONVERSION = YES;
				CLANG_WARN_INFINITE_RECURSION = YES;
				CLANG_WARN_INT_CONVERSION = YES;
				CLANG_WARN_NON_LITERAL_NULL_CONVERSION = YES;
				CLANG_WARN_OBJC_IMPLICIT_RETAIN_SELF = YES;
				CLANG_WARN_OBJC_LITERAL_CONVERSION = YES;
				CLANG_WARN_OBJC_ROOT_CLASS = YES_ERROR;
				CLANG_WARN_RANGE_LOOP_ANALYSIS = YES;
				CLANG_WARN_STRICT_PROTOTYPES = YES;
				CLANG_WARN_SUSPICIOUS_MOVE = YES;
				CLANG_WARN_UNGUARDED_AVAILABILITY = YES_AGGRESSIVE;
				CLANG_WARN_UNREACHABLE_CODE = YES;
				CLANG_WARN__DUPLICATE_METHOD_MATCH = YES;
				CODE_SIGN_IDENTITY = "iPhone Developer";
				COPY_PHASE_STRIP = NO;
				DEBUG_INFORMATION_FORMAT = dwarf;
				ENABLE_STRICT_OBJC_MSGSEND = YES;
				ENABLE_TESTABILITY = YES;
				GCC_C_LANGUAGE_STANDARD = gnu11;
				GCC_DYNAMIC_NO_PIC = NO;
				GCC_NO_COMMON_BLOCKS = YES;
				GCC_OPTIMIZATION_LEVEL = 0;
				GCC_PREPROCESSOR_DEFINITIONS = (
					"DEBUG=1",
					"$(inherited)",
				);
				GCC_WARN_64_TO_32_BIT_CONVERSION = YES;
				GCC_WARN_ABOUT_RETURN_TYPE = YES_ERROR;
				GCC_WARN_UNDECLARED_SELECTOR = YES;
				GCC_WARN_UNINITIALIZED_AUTOS = YES_AGGRESSIVE;
				GCC_WARN_UNUSED_FUNCTION = YES;
				GCC_WARN_UNUSED_VARIABLE = YES;
				IPHONEOS_DEPLOYMENT_TARGET = 12.1;
				MTL_ENABLE_DEBUG_INFO = INCLUDE_SOURCE;
				MTL_FAST_MATH = YES;
				ONLY_ACTIVE_ARCH = YES;
				SDKROOT = iphoneos;
				SWIFT_ACTIVE_COMPILATION_CONDITIONS = DEBUG;
				SWIFT_OBJC_BRIDGING_HEADER = /Users/admin/Desktop/WavePlayer/WavePlayer/WavePlayer.h;
				SWIFT_OPTIMIZATION_LEVEL = "-Onone";
				SWIFT_PRECOMPILE_BRIDGING_HEADER = NO;
			};
			name = Debug;
		};
		8475FA592286CBBD006C1FFC /* Release */ = {
			isa = XCBuildConfiguration;
			buildSettings = {
				ALWAYS_SEARCH_USER_PATHS = NO;
				CLANG_ANALYZER_NONNULL = YES;
				CLANG_ANALYZER_NUMBER_OBJECT_CONVERSION = YES_AGGRESSIVE;
				CLANG_CXX_LANGUAGE_STANDARD = "gnu++14";
				CLANG_CXX_LIBRARY = "libc++";
				CLANG_ENABLE_MODULES = YES;
				CLANG_ENABLE_OBJC_ARC = YES;
				CLANG_ENABLE_OBJC_WEAK = YES;
				CLANG_WARN_BLOCK_CAPTURE_AUTORELEASING = YES;
				CLANG_WARN_BOOL_CONVERSION = YES;
				CLANG_WARN_COMMA = YES;
				CLANG_WARN_CONSTANT_CONVERSION = YES;
				CLANG_WARN_DEPRECATED_OBJC_IMPLEMENTATIONS = YES;
				CLANG_WARN_DIRECT_OBJC_ISA_USAGE = YES_ERROR;
				CLANG_WARN_DOCUMENTATION_COMMENTS = YES;
				CLANG_WARN_EMPTY_BODY = YES;
				CLANG_WARN_ENUM_CONVERSION = YES;
				CLANG_WARN_INFINITE_RECURSION = YES;
				CLANG_WARN_INT_CONVERSION = YES;
				CLANG_WARN_NON_LITERAL_NULL_CONVERSION = YES;
				CLANG_WARN_OBJC_IMPLICIT_RETAIN_SELF = YES;
				CLANG_WARN_OBJC_LITERAL_CONVERSION = YES;
				CLANG_WARN_OBJC_ROOT_CLASS = YES_ERROR;
				CLANG_WARN_RANGE_LOOP_ANALYSIS = YES;
				CLANG_WARN_STRICT_PROTOTYPES = YES;
				CLANG_WARN_SUSPICIOUS_MOVE = YES;
				CLANG_WARN_UNGUARDED_AVAILABILITY = YES_AGGRESSIVE;
				CLANG_WARN_UNREACHABLE_CODE = YES;
				CLANG_WARN__DUPLICATE_METHOD_MATCH = YES;
				CODE_SIGN_IDENTITY = "iPhone Developer";
				COPY_PHASE_STRIP = NO;
				DEBUG_INFORMATION_FORMAT = "dwarf-with-dsym";
				ENABLE_NS_ASSERTIONS = NO;
				ENABLE_STRICT_OBJC_MSGSEND = YES;
				GCC_C_LANGUAGE_STANDARD = gnu11;
				GCC_NO_COMMON_BLOCKS = YES;
				GCC_WARN_64_TO_32_BIT_CONVERSION = YES;
				GCC_WARN_ABOUT_RETURN_TYPE = YES_ERROR;
				GCC_WARN_UNDECLARED_SELECTOR = YES;
				GCC_WARN_UNINITIALIZED_AUTOS = YES_AGGRESSIVE;
				GCC_WARN_UNUSED_FUNCTION = YES;
				GCC_WARN_UNUSED_VARIABLE = YES;
				IPHONEOS_DEPLOYMENT_TARGET = 12.1;
				MTL_ENABLE_DEBUG_INFO = NO;
				MTL_FAST_MATH = YES;
				SDKROOT = iphoneos;
				SWIFT_COMPILATION_MODE = wholemodule;
				SWIFT_OBJC_BRIDGING_HEADER = /Users/admin/Desktop/WavePlayer/WavePlayer/WavePlayer.h;
				SWIFT_OPTIMIZATION_LEVEL = "-O";
				SWIFT_PRECOMPILE_BRIDGING_HEADER = NO;
				VALIDATE_PRODUCT = YES;
			};
			name = Release;
		};
		8475FA5B2286CBBD006C1FFC /* Debug */ = {
			isa = XCBuildConfiguration;
			buildSettings = {
				ASSETCATALOG_COMPILER_APPICON_NAME = AppIcon;
				CODE_SIGN_STYLE = Automatic;
				FRAMEWORK_SEARCH_PATHS = (
					"$(inherited)",
					"$(PROJECT_DIR)/WavePlayer",
				);
				INFOPLIST_FILE = WavePlayer/Info.plist;
				LD_RUNPATH_SEARCH_PATHS = (
					"$(inherited)",
					"@executable_path/Frameworks",
				);
				PRODUCT_BUNDLE_IDENTIFIER = Kingsley.WavePlayer;
				PRODUCT_NAME = "$(TARGET_NAME)";
				SWIFT_OBJC_BRIDGING_HEADER = /Users/admin/Desktop/WavePlayer/WavePlayer/WavePlayer.h;
				SWIFT_PRECOMPILE_BRIDGING_HEADER = NO;
				SWIFT_VERSION = 5.0;
				TARGETED_DEVICE_FAMILY = "1,2";
			};
			name = Debug;
		};
		8475FA5C2286CBBD006C1FFC /* Release */ = {
			isa = XCBuildConfiguration;
			buildSettings = {
				ASSETCATALOG_COMPILER_APPICON_NAME = AppIcon;
				CODE_SIGN_STYLE = Automatic;
				FRAMEWORK_SEARCH_PATHS = (
					"$(inherited)",
					"$(PROJECT_DIR)/WavePlayer",
				);
				INFOPLIST_FILE = WavePlayer/Info.plist;
				LD_RUNPATH_SEARCH_PATHS = (
					"$(inherited)",
					"@executable_path/Frameworks",
				);
				PRODUCT_BUNDLE_IDENTIFIER = Kingsley.WavePlayer;
				PRODUCT_NAME = "$(TARGET_NAME)";
				SWIFT_OBJC_BRIDGING_HEADER = /Users/admin/Desktop/WavePlayer/WavePlayer/WavePlayer.h;
				SWIFT_PRECOMPILE_BRIDGING_HEADER = NO;
				SWIFT_VERSION = 5.0;
				TARGETED_DEVICE_FAMILY = "1,2";
			};
			name = Release;
		};
/* End XCBuildConfiguration section */

/* Begin XCConfigurationList section */
		8475FA432286CBBC006C1FFC /* Build configuration list for PBXProject "WavePlayer" */ = {
			isa = XCConfigurationList;
			buildConfigurations = (
				8475FA582286CBBD006C1FFC /* Debug */,
				8475FA592286CBBD006C1FFC /* Release */,
			);
			defaultConfigurationIsVisible = 0;
			defaultConfigurationName = Release;
		};
		8475FA5A2286CBBD006C1FFC /* Build configuration list for PBXNativeTarget "WavePlayer" */ = {
			isa = XCConfigurationList;
			buildConfigurations = (
				8475FA5B2286CBBD006C1FFC /* Debug */,
				8475FA5C2286CBBD006C1FFC /* Release */,
			);
			defaultConfigurationIsVisible = 0;
			defaultConfigurationName = Release;
		};
/* End XCConfigurationList section */
	};
	rootObject = 8475FA402286CBBC006C1FFC /* Project object */;
}
